
Microsoft Visual Studio Solution File, Format Version 12.00
# Visual Studio Version 17
VisualStudioVersion = 17.4.33122.133
MinimumVisualStudioVersion = 10.0.40219.1
Project("{FAE04EC0-301F-11D3-BF4B-00C04F79EFBC}") = "SkulPatcher", "SkulPatcher\SkulPatcher.csproj", "{31F00311-74AF-47F3-AEE1-6F679F467696}"
EndProject
Global
	GlobalSection(SolutionConfigurationPlatforms) = preSolution
		Debug|Any CPU = Debug|Any CPU
		Release|Any CPU = Release|Any CPU
	EndGlobalSection
	GlobalSection(ProjectConfigurationPlatforms) = postSolution
		{31F00311-74AF-47F3-AEE1-6F679F467696}.Debug|Any CPU.ActiveCfg = Debug|Any CPU
		{31F00311-74AF-47F3-AEE1-6F679F467696}.Debug|Any CPU.Build.0 = Debug|Any CPU
		{31F00311-74AF-47F3-AEE1-6F679F467696}.Release|Any CPU.ActiveCfg = Release|Any CPU
		{31F00311-74AF-47F3-AEE1-6F679F467696}.Release|Any CPU.Build.0 = Release|Any CPU
	EndGlobalSection
	GlobalSection(SolutionProperties) = preSolution
		HideSolutionNode = FALSE
	EndGlobalSection
	GlobalSection(ExtensibilityGlobals) = postSolution
		SolutionGuid = {10304C9E-7992-4E69-8B24-5BB0D4DE1903}
	EndGlobalSection
EndGlobal
